// !$*UTF8*$!
{
	archiveVersion = 1;
	classes = {
	};
	objectVersion = 50;
	objects = {

/* Begin PBXBuildFile section */
		F10CBC89214CBDF300EC9C34 /* AppDelegate.swift in Sources */ = {isa = PBXBuildFile; fileRef = F10CBC88214CBDF300EC9C34 /* AppDelegate.swift */; };
		F10CBC8B214CBDF300EC9C34 /* ViewController.swift in Sources */ = {isa = PBXBuildFile; fileRef = F10CBC8A214CBDF300EC9C34 /* ViewController.swift */; };
		F10CBC8E214CBDF300EC9C34 /* Main.storyboard in Resources */ = {isa = PBXBuildFile; fileRef = F10CBC8C214CBDF300EC9C34 /* Main.storyboard */; };
		F10CBC90214CBDF400EC9C34 /* Assets.xcassets in Resources */ = {isa = PBXBuildFile; fileRef = F10CBC8F214CBDF400EC9C34 /* Assets.xcassets */; };
		F10CBC93214CBDF400EC9C34 /* LaunchScreen.storyboard in Resources */ = {isa = PBXBuildFile; fileRef = F10CBC91214CBDF400EC9C34 /* LaunchScreen.storyboard */; };
		F10CBC9E214CBDF400EC9C34 /* QuizTests.swift in Sources */ = {isa = PBXBuildFile; fileRef = F10CBC9D214CBDF400EC9C34 /* QuizTests.swift */; };
		F10CBCA9214CBDF400EC9C34 /* QuizUITests.swift in Sources */ = {isa = PBXBuildFile; fileRef = F10CBCA8214CBDF400EC9C34 /* QuizUITests.swift */; };
/* End PBXBuildFile section */

/* Begin PBXContainerItemProxy section */
		F10CBC9A214CBDF400EC9C34 /* PBXContainerItemProxy */ = {
			isa = PBXContainerItemProxy;
			containerPortal = F10CBC7D214CBDF300EC9C34 /* Project object */;
			proxyType = 1;
			remoteGlobalIDString = F10CBC84214CBDF300EC9C34;
			remoteInfo = Quiz;
		};
		F10CBCA5214CBDF400EC9C34 /* PBXContainerItemProxy */ = {
			isa = PBXContainerItemProxy;
			containerPortal = F10CBC7D214CBDF300EC9C34 /* Project object */;
			proxyType = 1;
			remoteGlobalIDString = F10CBC84214CBDF300EC9C34;
			remoteInfo = Quiz;
		};
/* End PBXContainerItemProxy section */

/* Begin PBXFileReference section */
		F10CBC85214CBDF300EC9C34 /* Quiz.app */ = {isa = PBXFileReference; explicitFileType = wrapper.application; includeInIndex = 0; path = Quiz.app; sourceTree = BUILT_PRODUCTS_DIR; };
		F10CBC88214CBDF300EC9C34 /* AppDelegate.swift */ = {isa = PBXFileReference; lastKnownFileType = sourcecode.swift; path = AppDelegate.swift; sourceTree = "<group>"; };
		F10CBC8A214CBDF300EC9C34 /* ViewController.swift */ = {isa = PBXFileReference; lastKnownFileType = sourcecode.swift; path = ViewController.swift; sourceTree = "<group>"; };
		F10CBC8D214CBDF300EC9C34 /* Base */ = {isa = PBXFileReference; lastKnownFileType = file.storyboard; name = Base; path = Base.lproj/Main.storyboard; sourceTree = "<group>"; };
		F10CBC8F214CBDF400EC9C34 /* Assets.xcassets */ = {isa = PBXFileReference; lastKnownFileType = folder.assetcatalog; path = Assets.xcassets; sourceTree = "<group>"; };
		F10CBC92214CBDF400EC9C34 /* Base */ = {isa = PBXFileReference; lastKnownFileType = file.storyboard; name = Base; path = Base.lproj/LaunchScreen.storyboard; sourceTree = "<group>"; };
		F10CBC94214CBDF400EC9C34 /* Info.plist */ = {isa = PBXFileReference; lastKnownFileType = text.plist.xml; path = Info.plist; sourceTree = "<group>"; };
		F10CBC99214CBDF400EC9C34 /* QuizTests.xctest */ = {isa = PBXFileReference; explicitFileType = wrapper.cfbundle; includeInIndex = 0; path = QuizTests.xctest; sourceTree = BUILT_PRODUCTS_DIR; };
		F10CBC9D214CBDF400EC9C34 /* QuizTests.swift */ = {isa = PBXFileReference; lastKnownFileType = sourcecode.swift; path = QuizTests.swift; sourceTree = "<group>"; };
		F10CBC9F214CBDF400EC9C34 /* Info.plist */ = {isa = PBXFileReference; lastKnownFileType = text.plist.xml; path = Info.plist; sourceTree = "<group>"; };
		F10CBCA4214CBDF400EC9C34 /* QuizUITests.xctest */ = {isa = PBXFileReference; explicitFileType = wrapper.cfbundle; includeInIndex = 0; path = QuizUITests.xctest; sourceTree = BUILT_PRODUCTS_DIR; };
		F10CBCA8214CBDF400EC9C34 /* QuizUITests.swift */ = {isa = PBXFileReference; lastKnownFileType = sourcecode.swift; path = QuizUITests.swift; sourceTree = "<group>"; };
		F10CBCAA214CBDF400EC9C34 /* Info.plist */ = {isa = PBXFileReference; lastKnownFileType = text.plist.xml; path = Info.plist; sourceTree = "<group>"; };
/* End PBXFileReference section */

/* Begin PBXFrameworksBuildPhase section */
		F10CBC82214CBDF300EC9C34 /* Frameworks */ = {
			isa = PBXFrameworksBuildPhase;
			buildActionMask = 2147483647;
			files = (
			);
			runOnlyForDeploymentPostprocessing = 0;
		};
		F10CBC96214CBDF400EC9C34 /* Frameworks */ = {
			isa = PBXFrameworksBuildPhase;
			buildActionMask = 2147483647;
			files = (
			);
			runOnlyForDeploymentPostprocessing = 0;
		};
		F10CBCA1214CBDF400EC9C34 /* Frameworks */ = {
			isa = PBXFrameworksBuildPhase;
			buildActionMask = 2147483647;
			files = (
			);
			runOnlyForDeploymentPostprocessing = 0;
		};
/* End PBXFrameworksBuildPhase section */

/* Begin PBXGroup section */
		F10CBC7C214CBDF300EC9C34 = {
			isa = PBXGroup;
			children = (
				F10CBC87214CBDF300EC9C34 /* Quiz */,
				F10CBC9C214CBDF400EC9C34 /* QuizTests */,
				F10CBCA7214CBDF400EC9C34 /* QuizUITests */,
				F10CBC86214CBDF300EC9C34 /* Products */,
			);
			sourceTree = "<group>";
		};
		F10CBC86214CBDF300EC9C34 /* Products */ = {
			isa = PBXGroup;
			children = (
				F10CBC85214CBDF300EC9C34 /* Quiz.app */,
				F10CBC99214CBDF400EC9C34 /* QuizTests.xctest */,
				F10CBCA4214CBDF400EC9C34 /* QuizUITests.xctest */,
			);
			name = Products;
			sourceTree = "<group>";
		};
		F10CBC87214CBDF300EC9C34 /* Quiz */ = {
			isa = PBXGroup;
			children = (
				F10CBC88214CBDF300EC9C34 /* AppDelegate.swift */,
				F10CBC8A214CBDF300EC9C34 /* ViewController.swift */,
				F10CBC8C214CBDF300EC9C34 /* Main.storyboard */,
				F10CBC8F214CBDF400EC9C34 /* Assets.xcassets */,
				F10CBC91214CBDF400EC9C34 /* LaunchScreen.storyboard */,
				F10CBC94214CBDF400EC9C34 /* Info.plist */,
			);
			path = Quiz;
			sourceTree = "<group>";
		};
		F10CBC9C214CBDF400EC9C34 /* QuizTests */ = {
			isa = PBXGroup;
			children = (
				F10CBC9D214CBDF400EC9C34 /* QuizTests.swift */,
				F10CBC9F214CBDF400EC9C34 /* Info.plist */,
			);
			path = QuizTests;
			sourceTree = "<group>";
		};
		F10CBCA7214CBDF400EC9C34 /* QuizUITests */ = {
			isa = PBXGroup;
			children = (
				F10CBCA8214CBDF400EC9C34 /* QuizUITests.swift */,
				F10CBCAA214CBDF400EC9C34 /* Info.plist */,
			);
			path = QuizUITests;
			sourceTree = "<group>";
		};
/* End PBXGroup section */

/* Begin PBXNativeTarget section */
		F10CBC84214CBDF300EC9C34 /* Quiz */ = {
			isa = PBXNativeTarget;
			buildConfigurationList = F10CBCAD214CBDF400EC9C34 /* Build configuration list for PBXNativeTarget "Quiz" */;
			buildPhases = (
				F10CBC81214CBDF300EC9C34 /* Sources */,
				F10CBC82214CBDF300EC9C34 /* Frameworks */,
				F10CBC83214CBDF300EC9C34 /* Resources */,
			);
			buildRules = (
			);
			dependencies = (
			);
			name = Quiz;
			productName = Quiz;
			productReference = F10CBC85214CBDF300EC9C34 /* Quiz.app */;
			productType = "com.apple.product-type.application";
		};
		F10CBC98214CBDF400EC9C34 /* QuizTests */ = {
			isa = PBXNativeTarget;
			buildConfigurationList = F10CBCB0214CBDF400EC9C34 /* Build configuration list for PBXNativeTarget "QuizTests" */;
			buildPhases = (
				F10CBC95214CBDF400EC9C34 /* Sources */,
				F10CBC96214CBDF400EC9C34 /* Frameworks */,
				F10CBC97214CBDF400EC9C34 /* Resources */,
			);
			buildRules = (
			);
			dependencies = (
				F10CBC9B214CBDF400EC9C34 /* PBXTargetDependency */,
			);
			name = QuizTests;
			productName = QuizTests;
			productReference = F10CBC99214CBDF400EC9C34 /* QuizTests.xctest */;
			productType = "com.apple.product-type.bundle.unit-test";
		};
		F10CBCA3214CBDF400EC9C34 /* QuizUITests */ = {
			isa = PBXNativeTarget;
			buildConfigurationList = F10CBCB3214CBDF400EC9C34 /* Build configuration list for PBXNativeTarget "QuizUITests" */;
			buildPhases = (
				F10CBCA0214CBDF400EC9C34 /* Sources */,
				F10CBCA1214CBDF400EC9C34 /* Frameworks */,
				F10CBCA2214CBDF400EC9C34 /* Resources */,
			);
			buildRules = (
			);
			dependencies = (
				F10CBCA6214CBDF400EC9C34 /* PBXTargetDependency */,
			);
			name = QuizUITests;
			productName = QuizUITests;
			productReference = F10CBCA4214CBDF400EC9C34 /* QuizUITests.xctest */;
			productType = "com.apple.product-type.bundle.ui-testing";
		};
/* End PBXNativeTarget section */

/* Begin PBXProject section */
		F10CBC7D214CBDF300EC9C34 /* Project object */ = {
			isa = PBXProject;
			attributes = {
				LastSwiftUpdateCheck = 0940;
				LastUpgradeCheck = 0940;
				ORGANIZATIONNAME = "Sohei Miyakura";
				TargetAttributes = {
					F10CBC84214CBDF300EC9C34 = {
						CreatedOnToolsVersion = 9.4.1;
					};
					F10CBC98214CBDF400EC9C34 = {
						CreatedOnToolsVersion = 9.4.1;
						TestTargetID = F10CBC84214CBDF300EC9C34;
					};
					F10CBCA3214CBDF400EC9C34 = {
						CreatedOnToolsVersion = 9.4.1;
						TestTargetID = F10CBC84214CBDF300EC9C34;
					};
				};
			};
			buildConfigurationList = F10CBC80214CBDF300EC9C34 /* Build configuration list for PBXProject "Quiz" */;
			compatibilityVersion = "Xcode 9.3";
			developmentRegion = en;
			hasScannedForEncodings = 0;
			knownRegions = (
				en,
				Base,
			);
			mainGroup = F10CBC7C214CBDF300EC9C34;
			productRefGroup = F10CBC86214CBDF300EC9C34 /* Products */;
			projectDirPath = "";
			projectRoot = "";
			targets = (
				F10CBC84214CBDF300EC9C34 /* Quiz */,
				F10CBC98214CBDF400EC9C34 /* QuizTests */,
				F10CBCA3214CBDF400EC9C34 /* QuizUITests */,
			);
		};
/* End PBXProject section */

/* Begin PBXResourcesBuildPhase section */
		F10CBC83214CBDF300EC9C34 /* Resources */ = {
			isa = PBXResourcesBuildPhase;
			buildActionMask = 2147483647;
			files = (
				F10CBC93214CBDF400EC9C34 /* LaunchScreen.storyboard in Resources */,
				F10CBC90214CBDF400EC9C34 /* Assets.xcassets in Resources */,
				F10CBC8E214CBDF300EC9C34 /* Main.storyboard in Resources */,
			);
			runOnlyForDeploymentPostprocessing = 0;
		};
		F10CBC97214CBDF400EC9C34 /* Resources */ = {
			isa = PBXResourcesBuildPhase;
			buildActionMask = 2147483647;
			files = (
			);
			runOnlyForDeploymentPostprocessing = 0;
		};
		F10CBCA2214CBDF400EC9C34 /* Resources */ = {
			isa = PBXResourcesBuildPhase;
			buildActionMask = 2147483647;
			files = (
			);
			runOnlyForDeploymentPostprocessing = 0;
		};
/* End PBXResourcesBuildPhase section */

/* Begin PBXSourcesBuildPhase section */
		F10CBC81214CBDF300EC9C34 /* Sources */ = {
			isa = PBXSourcesBuildPhase;
			buildActionMask = 2147483647;
			files = (
				F10CBC8B214CBDF300EC9C34 /* ViewController.swift in Sources */,
				F10CBC89214CBDF300EC9C34 /* AppDelegate.swift in Sources */,
			);
			runOnlyForDeploymentPostprocessing = 0;
		};
		F10CBC95214CBDF400EC9C34 /* Sources */ = {
			isa = PBXSourcesBuildPhase;
			buildActionMask = 2147483647;
			files = (
				F10CBC9E214CBDF400EC9C34 /* QuizTests.swift in Sources */,
			);
			runOnlyForDeploymentPostprocessing = 0;
		};
		F10CBCA0214CBDF400EC9C34 /* Sources */ = {
			isa = PBXSourcesBuildPhase;
			buildActionMask = 2147483647;
			files = (
				F10CBCA9214CBDF400EC9C34 /* QuizUITests.swift in Sources */,
			);
			runOnlyForDeploymentPostprocessing = 0;
		};
/* End PBXSourcesBuildPhase section */

/* Begin PBXTargetDependency section */
		F10CBC9B214CBDF400EC9C34 /* PBXTargetDependency */ = {
			isa = PBXTargetDependency;
			target = F10CBC84214CBDF300EC9C34 /* Quiz */;
			targetProxy = F10CBC9A214CBDF400EC9C34 /* PBXContainerItemProxy */;
		};
		F10CBCA6214CBDF400EC9C34 /* PBXTargetDependency */ = {
			isa = PBXTargetDependency;
			target = F10CBC84214CBDF300EC9C34 /* Quiz */;
			targetProxy = F10CBCA5214CBDF400EC9C34 /* PBXContainerItemProxy */;
		};
/* End PBXTargetDependency section */

/* Begin PBXVariantGroup section */
		F10CBC8C214CBDF300EC9C34 /* Main.storyboard */ = {
			isa = PBXVariantGroup;
			children = (
				F10CBC8D214CBDF300EC9C34 /* Base */,
			);
			name = Main.storyboard;
			sourceTree = "<group>";
		};
		F10CBC91214CBDF400EC9C34 /* LaunchScreen.storyboard */ = {
			isa = PBXVariantGroup;
			children = (
				F10CBC92214CBDF400EC9C34 /* Base */,
			);
			name = LaunchScreen.storyboard;
			sourceTree = "<group>";
		};
/* End PBXVariantGroup section */

/* Begin XCBuildConfiguration section */
		F10CBCAB214CBDF400EC9C34 /* Debug */ = {
			isa = XCBuildConfiguration;
			buildSettings = {
				ALWAYS_SEARCH_USER_PATHS = NO;
				CLANG_ANALYZER_NONNULL = YES;
				CLANG_ANALYZER_NUMBER_OBJECT_CONVERSION = YES_AGGRESSIVE;
				CLANG_CXX_LANGUAGE_STANDARD = "gnu++14";
				CLANG_CXX_LIBRARY = "libc++";
				CLANG_ENABLE_MODULES = YES;
				CLANG_ENABLE_OBJC_ARC = YES;
				CLANG_ENABLE_OBJC_WEAK = YES;
				CLANG_WARN_BLOCK_CAPTURE_AUTORELEASING = YES;
				CLANG_WARN_BOOL_CONVERSION = YES;
				CLANG_WARN_COMMA = YES;
				CLANG_WARN_CONSTANT_CONVERSION = YES;
				CLANG_WARN_DEPRECATED_OBJC_IMPLEMENTATIONS = YES;
				CLANG_WARN_DIRECT_OBJC_ISA_USAGE = YES_ERROR;
				CLANG_WARN_DOCUMENTATION_COMMENTS = YES;
				CLANG_WARN_EMPTY_BODY = YES;
				CLANG_WARN_ENUM_CONVERSION = YES;
				CLANG_WARN_INFINITE_RECURSION = YES;
				CLANG_WARN_INT_CONVERSION = YES;
				CLANG_WARN_NON_LITERAL_NULL_CONVERSION = YES;
				CLANG_WARN_OBJC_IMPLICIT_RETAIN_SELF = YES;
				CLANG_WARN_OBJC_LITERAL_CONVERSION = YES;
				CLANG_WARN_OBJC_ROOT_CLASS = YES_ERROR;
				CLANG_WARN_RANGE_LOOP_ANALYSIS = YES;
				CLANG_WARN_STRICT_PROTOTYPES = YES;
				CLANG_WARN_SUSPICIOUS_MOVE = YES;
				CLANG_WARN_UNGUARDED_AVAILABILITY = YES_AGGRESSIVE;
				CLANG_WARN_UNREACHABLE_CODE = YES;
				CLANG_WARN__DUPLICATE_METHOD_MATCH = YES;
				CODE_SIGN_IDENTITY = "iPhone Developer";
				COPY_PHASE_STRIP = NO;
				DEBUG_INFORMATION_FORMAT = dwarf;
				ENABLE_STRICT_OBJC_MSGSEND = YES;
				ENABLE_TESTABILITY = YES;
				GCC_C_LANGUAGE_STANDARD = gnu11;
				GCC_DYNAMIC_NO_PIC = NO;
				GCC_NO_COMMON_BLOCKS = YES;
				GCC_OPTIMIZATION_LEVEL = 0;
				GCC_PREPROCESSOR_DEFINITIONS = (
					"DEBUG=1",
					"$(inherited)",
				);
				GCC_WARN_64_TO_32_BIT_CONVERSION = YES;
				GCC_WARN_ABOUT_RETURN_TYPE = YES_ERROR;
				GCC_WARN_UNDECLARED_SELECTOR = YES;
				GCC_WARN_UNINITIALIZED_AUTOS = YES_AGGRESSIVE;
				GCC_WARN_UNUSED_FUNCTION = YES;
				GCC_WARN_UNUSED_VARIABLE = YES;
				IPHONEOS_DEPLOYMENT_TARGET = 11.4;
				MTL_ENABLE_DEBUG_INFO = YES;
				ONLY_ACTIVE_ARCH = YES;
				SDKROOT = iphoneos;
				SWIFT_ACTIVE_COMPILATION_CONDITIONS = DEBUG;
				SWIFT_OPTIMIZATION_LEVEL = "-Onone";
			};
			name = Debug;
		};
		F10CBCAC214CBDF400EC9C34 /* Release */ = {
			isa = XCBuildConfiguration;
			buildSettings = {
				ALWAYS_SEARCH_USER_PATHS = NO;
				CLANG_ANALYZER_NONNULL = YES;
				CLANG_ANALYZER_NUMBER_OBJECT_CONVERSION = YES_AGGRESSIVE;
				CLANG_CXX_LANGUAGE_STANDARD = "gnu++14";
				CLANG_CXX_LIBRARY = "libc++";
				CLANG_ENABLE_MODULES = YES;
				CLANG_ENABLE_OBJC_ARC = YES;
				CLANG_ENABLE_OBJC_WEAK = YES;
				CLANG_WARN_BLOCK_CAPTURE_AUTORELEASING = YES;
				CLANG_WARN_BOOL_CONVERSION = YES;
				CLANG_WARN_COMMA = YES;
				CLANG_WARN_CONSTANT_CONVERSION = YES;
				CLANG_WARN_DEPRECATED_OBJC_IMPLEMENTATIONS = YES;
				CLANG_WARN_DIRECT_OBJC_ISA_USAGE = YES_ERROR;
				CLANG_WARN_DOCUMENTATION_COMMENTS = YES;
				CLANG_WARN_EMPTY_BODY = YES;
				CLANG_WARN_ENUM_CONVERSION = YES;
				CLANG_WARN_INFINITE_RECURSION = YES;
				CLANG_WARN_INT_CONVERSION = YES;
				CLANG_WARN_NON_LITERAL_NULL_CONVERSION = YES;
				CLANG_WARN_OBJC_IMPLICIT_RETAIN_SELF = YES;
				CLANG_WARN_OBJC_LITERAL_CONVERSION = YES;
				CLANG_WARN_OBJC_ROOT_CLASS = YES_ERROR;
				CLANG_WARN_RANGE_LOOP_ANALYSIS = YES;
				CLANG_WARN_STRICT_PROTOTYPES = YES;
				CLANG_WARN_SUSPICIOUS_MOVE = YES;
				CLANG_WARN_UNGUARDED_AVAILABILITY = YES_AGGRESSIVE;
				CLANG_WARN_UNREACHABLE_CODE = YES;
				CLANG_WARN__DUPLICATE_METHOD_MATCH = YES;
				CODE_SIGN_IDENTITY = "iPhone Developer";
				COPY_PHASE_STRIP = NO;
				DEBUG_INFORMATION_FORMAT = "dwarf-with-dsym";
				ENABLE_NS_ASSERTIONS = NO;
				ENABLE_STRICT_OBJC_MSGSEND = YES;
				GCC_C_LANGUAGE_STANDARD = gnu11;
				GCC_NO_COMMON_BLOCKS = YES;
				GCC_WARN_64_TO_32_BIT_CONVERSION = YES;
				GCC_WARN_ABOUT_RETURN_TYPE = YES_ERROR;
				GCC_WARN_UNDECLARED_SELECTOR = YES;
				GCC_WARN_UNINITIALIZED_AUTOS = YES_AGGRESSIVE;
				GCC_WARN_UNUSED_FUNCTION = YES;
				GCC_WARN_UNUSED_VARIABLE = YES;
				IPHONEOS_DEPLOYMENT_TARGET = 11.4;
				MTL_ENABLE_DEBUG_INFO = NO;
				SDKROOT = iphoneos;
				SWIFT_COMPILATION_MODE = wholemodule;
				SWIFT_OPTIMIZATION_LEVEL = "-O";
				VALIDATE_PRODUCT = YES;
			};
			name = Release;
		};
		F10CBCAE214CBDF400EC9C34 /* Debug */ = {
			isa = XCBuildConfiguration;
			buildSettings = {
				ASSETCATALOG_COMPILER_APPICON_NAME = AppIcon;
				CODE_SIGN_STYLE = Automatic;
				DEVELOPMENT_TEAM = C372GF32VL;
				INFOPLIST_FILE = Quiz/Info.plist;
				LD_RUNPATH_SEARCH_PATHS = (
					"$(inherited)",
					"@executable_path/Frameworks",
				);
				PRODUCT_BUNDLE_IDENTIFIER = me.venchaa.Quiz;
				PRODUCT_NAME = "$(TARGET_NAME)";
				SWIFT_VERSION = 4.0;
				TARGETED_DEVICE_FAMILY = "1,2";
			};
			name = Debug;
		};
		F10CBCAF214CBDF400EC9C34 /* Release */ = {
			isa = XCBuildConfiguration;
			buildSettings = {
				ASSETCATALOG_COMPILER_APPICON_NAME = AppIcon;
				CODE_SIGN_STYLE = Automatic;
				DEVELOPMENT_TEAM = C372GF32VL;
				INFOPLIST_FILE = Quiz/Info.plist;
				LD_RUNPATH_SEARCH_PATHS = (
					"$(inherited)",
					"@executable_path/Frameworks",
				);
				PRODUCT_BUNDLE_IDENTIFIER = me.venchaa.Quiz;
				PRODUCT_NAME = "$(TARGET_NAME)";
				SWIFT_VERSION = 4.0;
				TARGETED_DEVICE_FAMILY = "1,2";
			};
			name = Release;
		};
		F10CBCB1214CBDF400EC9C34 /* Debug */ = {
			isa = XCBuildConfiguration;
			buildSettings = {
				ALWAYS_EMBED_SWIFT_STANDARD_LIBRARIES = YES;
				BUNDLE_LOADER = "$(TEST_HOST)";
				CODE_SIGN_STYLE = Automatic;
				DEVELOPMENT_TEAM = C372GF32VL;
				INFOPLIST_FILE = QuizTests/Info.plist;
				LD_RUNPATH_SEARCH_PATHS = (
					"$(inherited)",
					"@executable_path/Frameworks",
					"@loader_path/Frameworks",
				);
				PRODUCT_BUNDLE_IDENTIFIER = me.venchaa.QuizTests;
				PRODUCT_NAME = "$(TARGET_NAME)";
				SWIFT_VERSION = 4.0;
				TARGETED_DEVICE_FAMILY = "1,2";
				TEST_HOST = "$(BUILT_PRODUCTS_DIR)/Quiz.app/Quiz";
			};
			name = Debug;
		};
		F10CBCB2214CBDF400EC9C34 /* Release */ = {
			isa = XCBuildConfiguration;
			buildSettings = {
				ALWAYS_EMBED_SWIFT_STANDARD_LIBRARIES = YES;
				BUNDLE_LOADER = "$(TEST_HOST)";
				CODE_SIGN_STYLE = Automatic;
				DEVELOPMENT_TEAM = C372GF32VL;
				INFOPLIST_FILE = QuizTests/Info.plist;
				LD_RUNPATH_SEARCH_PATHS = (
					"$(inherited)",
					"@executable_path/Frameworks",
					"@loader_path/Frameworks",
				);
				PRODUCT_BUNDLE_IDENTIFIER = me.venchaa.QuizTests;
				PRODUCT_NAME = "$(TARGET_NAME)";
				SWIFT_VERSION = 4.0;
				TARGETED_DEVICE_FAMILY = "1,2";
				TEST_HOST = "$(BUILT_PRODUCTS_DIR)/Quiz.app/Quiz";
			};
			name = Release;
		};
		F10CBCB4214CBDF400EC9C34 /* Debug */ = {
			isa = XCBuildConfiguration;
			buildSettings = {
				ALWAYS_EMBED_SWIFT_STANDARD_LIBRARIES = YES;
				CODE_SIGN_STYLE = Automatic;
				DEVELOPMENT_TEAM = C372GF32VL;
				INFOPLIST_FILE = QuizUITests/Info.plist;
				LD_RUNPATH_SEARCH_PATHS = (
					"$(inherited)",
					"@executable_path/Frameworks",
					"@loader_path/Frameworks",
				);
				PRODUCT_BUNDLE_IDENTIFIER = me.venchaa.QuizUITests;
				PRODUCT_NAME = "$(TARGET_NAME)";
				SWIFT_VERSION = 4.0;
				TARGETED_DEVICE_FAMILY = "1,2";
				TEST_TARGET_NAME = Quiz;
			};
			name = Debug;
		};
		F10CBCB5214CBDF400EC9C34 /* Release */ = {
			isa = XCBuildConfiguration;
			buildSettings = {
				ALWAYS_EMBED_SWIFT_STANDARD_LIBRARIES = YES;
				CODE_SIGN_STYLE = Automatic;
				DEVELOPMENT_TEAM = C372GF32VL;
				INFOPLIST_FILE = QuizUITests/Info.plist;
				LD_RUNPATH_SEARCH_PATHS = (
					"$(inherited)",
					"@executable_path/Frameworks",
					"@loader_path/Frameworks",
				);
				PRODUCT_BUNDLE_IDENTIFIER = me.venchaa.QuizUITests;
				PRODUCT_NAME = "$(TARGET_NAME)";
				SWIFT_VERSION = 4.0;
				TARGETED_DEVICE_FAMILY = "1,2";
				TEST_TARGET_NAME = Quiz;
			};
			name = Release;
		};
/* End XCBuildConfiguration section */

/* Begin XCConfigurationList section */
		F10CBC80214CBDF300EC9C34 /* Build configuration list for PBXProject "Quiz" */ = {
			isa = XCConfigurationList;
			buildConfigurations = (
				F10CBCAB214CBDF400EC9C34 /* Debug */,
				F10CBCAC214CBDF400EC9C34 /* Release */,
			);
			defaultConfigurationIsVisible = 0;
			defaultConfigurationName = Release;
		};
		F10CBCAD214CBDF400EC9C34 /* Build configuration list for PBXNativeTarget "Quiz" */ = {
			isa = XCConfigurationList;
			buildConfigurations = (
				F10CBCAE214CBDF400EC9C34 /* Debug */,
				F10CBCAF214CBDF400EC9C34 /* Release */,
			);
			defaultConfigurationIsVisible = 0;
			defaultConfigurationName = Release;
		};
		F10CBCB0214CBDF400EC9C34 /* Build configuration list for PBXNativeTarget "QuizTests" */ = {
			isa = XCConfigurationList;
			buildConfigurations = (
				F10CBCB1214CBDF400EC9C34 /* Debug */,
				F10CBCB2214CBDF400EC9C34 /* Release */,
			);
			defaultConfigurationIsVisible = 0;
			defaultConfigurationName = Release;
		};
		F10CBCB3214CBDF400EC9C34 /* Build configuration list for PBXNativeTarget "QuizUITests" */ = {
			isa = XCConfigurationList;
			buildConfigurations = (
				F10CBCB4214CBDF400EC9C34 /* Debug */,
				F10CBCB5214CBDF400EC9C34 /* Release */,
			);
			defaultConfigurationIsVisible = 0;
			defaultConfigurationName = Release;
		};
/* End XCConfigurationList section */
	};
	rootObject = F10CBC7D214CBDF300EC9C34 /* Project object */;
}
